
Microsoft Visual Studio Solution File, Format Version 12.00
# Visual Studio Version 17
VisualStudioVersion = 17.5.002.0
MinimumVisualStudioVersion = 10.0.40219.1
Project("{2150E333-8FDC-42A3-9474-1A3956D46DE8}") = "code-samples", "code-samples", "{18D9FF67-F9E7-42BD-9B06-EBECF3C6A857}"
EndProject
Project("{9A19103F-16F7-4668-BE54-9A1E7A4F7556}") = "00-introduction", "code-samples\00-introduction\00-introduction.csproj", "{FE70ADFB-8E2F-44DB-86F0-A64A2190A873}"
EndProject
Global
	GlobalSection(SolutionConfigurationPlatforms) = preSolution
		Debug|Any CPU = Debug|Any CPU
		Release|Any CPU = Release|Any CPU
	EndGlobalSection
	GlobalSection(ProjectConfigurationPlatforms) = postSolution
		{FE70ADFB-8E2F-44DB-86F0-A64A2190A873}.Debug|Any CPU.ActiveCfg = Debug|Any CPU
		{FE70ADFB-8E2F-44DB-86F0-A64A2190A873}.Debug|Any CPU.Build.0 = Debug|Any CPU
		{FE70ADFB-8E2F-44DB-86F0-A64A2190A873}.Release|Any CPU.ActiveCfg = Release|Any CPU
		{FE70ADFB-8E2F-44DB-86F0-A64A2190A873}.Release|Any CPU.Build.0 = Release|Any CPU
	EndGlobalSection
	GlobalSection(SolutionProperties) = preSolution
		HideSolutionNode = FALSE
	EndGlobalSection
	GlobalSection(NestedProjects) = preSolution
		{FE70ADFB-8E2F-44DB-86F0-A64A2190A873} = {18D9FF67-F9E7-42BD-9B06-EBECF3C6A857}
	EndGlobalSection
	GlobalSection(ExtensibilityGlobals) = postSolution
		SolutionGuid = {8A212EEB-A2D5-4DED-87C5-3696B9AEC82F}
	EndGlobalSection
EndGlobal
